
Microsoft Visual Studio Solution File, Format Version 12.00
# Visual Studio Version 17
VisualStudioVersion = 17.7.34031.279
MinimumVisualStudioVersion = 10.0.40219.1
Project("{FAE04EC0-301F-11D3-BF4B-00C04F79EFBC}") = "Quizlo.Business", "Quizlo.Business.csproj", "{3B5FD050-CEF3-4527-B327-60E0D8DD1528}"
EndProject
Project("{FAE04EC0-301F-11D3-BF4B-00C04F79EFBC}") = "Quizlo.Data", "..\Quizlo.Data\Quizlo.Data.csproj", "{2F165B29-770E-4641-8D18-508952ED7332}"
EndProject
Project("{FAE04EC0-301F-11D3-BF4B-00C04F79EFBC}") = "Quizlo.aForm", "..\Quizlo.aForm\Quizlo.aForm.csproj", "{30F4878E-8B41-479D-88FA-CB6E01D0EC55}"
EndProject
Global
	GlobalSection(SolutionConfigurationPlatforms) = preSolution
		Debug|Any CPU = Debug|Any CPU
		Release|Any CPU = Release|Any CPU
	EndGlobalSection
	GlobalSection(ProjectConfigurationPlatforms) = postSolution
		{3B5FD050-CEF3-4527-B327-60E0D8DD1528}.Debug|Any CPU.ActiveCfg = Debug|Any CPU
		{3B5FD050-CEF3-4527-B327-60E0D8DD1528}.Debug|Any CPU.Build.0 = Debug|Any CPU
		{3B5FD050-CEF3-4527-B327-60E0D8DD1528}.Release|Any CPU.ActiveCfg = Release|Any CPU
		{3B5FD050-CEF3-4527-B327-60E0D8DD1528}.Release|Any CPU.Build.0 = Release|Any CPU
		{2F165B29-770E-4641-8D18-508952ED7332}.Debug|Any CPU.ActiveCfg = Debug|Any CPU
		{2F165B29-770E-4641-8D18-508952ED7332}.Debug|Any CPU.Build.0 = Debug|Any CPU
		{2F165B29-770E-4641-8D18-508952ED7332}.Release|Any CPU.ActiveCfg = Release|Any CPU
		{2F165B29-770E-4641-8D18-508952ED7332}.Release|Any CPU.Build.0 = Release|Any CPU
		{30F4878E-8B41-479D-88FA-CB6E01D0EC55}.Debug|Any CPU.ActiveCfg = Debug|Any CPU
		{30F4878E-8B41-479D-88FA-CB6E01D0EC55}.Debug|Any CPU.Build.0 = Debug|Any CPU
		{30F4878E-8B41-479D-88FA-CB6E01D0EC55}.Release|Any CPU.ActiveCfg = Release|Any CPU
		{30F4878E-8B41-479D-88FA-CB6E01D0EC55}.Release|Any CPU.Build.0 = Release|Any CPU
	EndGlobalSection
	GlobalSection(SolutionProperties) = preSolution
		HideSolutionNode = FALSE
	EndGlobalSection
	GlobalSection(ExtensibilityGlobals) = postSolution
		SolutionGuid = {EE5CF3C1-6E80-475F-B355-8EAD52E3FC50}
	EndGlobalSection
EndGlobal
